<?xml version="1.0" encoding="UTF-8" standalone="yes" ?>
<CodeBlocks_project_file>
	<FileVersion major="1" minor="6" />
	<Project>
		<Option title="ProjectEuler" />
		<Option pch_mode="2" />
		<Option compiler="gcc" />
		<Build>
			<Target title="Debug">
				<Option output="bin/Debug/ProjectEuler" prefix_auto="1" extension_auto="1" />
				<Option object_output="obj/Debug/" />
				<Option type="1" />
				<Option compiler="gcc" />
				<Compiler>
					<Add option="-Weffc++" />
					<Add option="-g" />
					<Add directory="include" />
				</Compiler>
			</Target>
			<Target title="Release">
				<Option output="bin/Release/ProjectEuler" prefix_auto="1" extension_auto="1" />
				<Option object_output="obj/Release/" />
				<Option type="1" />
				<Option compiler="gcc" />
				<Compiler>
					<Add option="-O2" />
					<Add option="-Weffc++" />
					<Add directory="include" />
				</Compiler>
				<Linker>
					<Add option="-s" />
				</Linker>
			</Target>
		</Build>
		<Compiler>
			<Add option="-Wall" />
			<Add option="-fexceptions" />
		</Compiler>
		<Unit filename="ProjectEuler001.hpp" />
		<Unit filename="ProjectEuler002.cpp" />
		<Unit filename="ProjectEuler003.cpp" />
		<Unit filename="ProjectEuler004.cpp" />
		<Unit filename="ProjectEuler005.cpp" />
		<Unit filename="ProjectEuler006.cpp" />
		<Unit filename="ProjectEuler007.cpp" />
		<Unit filename="ProjectEuler008.cpp" />
		<Unit filename="ProjectEuler009.cpp" />
		<Unit filename="ProjectEuler010.cpp" />
		<Unit filename="ProjectEuler011.cpp" />
		<Unit filename="ProjectEuler012.cpp" />
		<Unit filename="ProjectEuler013.cpp" />
		<Unit filename="ProjectEuler014.cpp" />
		<Unit filename="ProjectEuler015.cpp" />
		<Unit filename="ProjectEuler016.cpp" />
		<Unit filename="ProjectEuler017.cpp" />
		<Unit filename="ProjectEuler018.cpp" />
		<Unit filename="ProjectEuler019.cpp" />
		<Unit filename="ProjectEuler020.cpp" />
		<Unit filename="ProjectEuler021.cpp" />
		<Unit filename="ProjectEuler022.cpp" />
		<Unit filename="ProjectEuler023.cpp" />
		<Unit filename="ProjectEuler024.cpp" />
		<Unit filename="ProjectEuler025.cpp" />
		<Unit filename="ProjectEuler026.cpp" />
		<Unit filename="ProjectEuler027.cpp" />
		<Unit filename="ProjectEuler028.cpp" />
		<Unit filename="ProjectEuler029.cpp" />
		<Unit filename="ProjectEuler030.cpp" />
		<Unit filename="ProjectEuler031.cpp" />
		<Unit filename="ProjectEuler032.cpp" />
		<Unit filename="ProjectEuler033.cpp" />
		<Unit filename="ProjectEuler034.cpp" />
		<Unit filename="ProjectEuler035.cpp" />
		<Unit filename="ProjectEuler036.cpp" />
		<Unit filename="ProjectEuler037.cpp" />
		<Unit filename="ProjectEuler038.cpp" />
		<Unit filename="ProjectEuler039.cpp" />
		<Unit filename="ProjectEuler040.cpp" />
		<Unit filename="ProjectEuler041.cpp" />
		<Unit filename="ProjectEuler042.cpp" />
		<Unit filename="ProjectEuler043.cpp" />
		<Unit filename="ProjectEuler044.cpp" />
		<Unit filename="include/BigInteger.hpp" />
		<Unit filename="include/PEUtility.hpp" />
		<Unit filename="main.cpp" />
		<Unit filename="src/BigInteger.cpp" />
		<Unit filename="src/PEUtility.cpp" />
		<Extensions />
	</Project>
</CodeBlocks_project_file>
